// !$*UTF8*$!
{
	archiveVersion = 1;
	classes = {
	};
	objectVersion = 50;
	objects = {

/* Begin PBXBuildFile section */
		461BB8F62486D47F007C9358 /* AppDelegate.m in Sources */ = {isa = PBXBuildFile; fileRef = 461BB8F52486D47F007C9358 /* AppDelegate.m */; };
		461BB8F92486D47F007C9358 /* SceneDelegate.m in Sources */ = {isa = PBXBuildFile; fileRef = 461BB8F82486D47F007C9358 /* SceneDelegate.m */; };
		461BB8FC2486D47F007C9358 /* MainViewController.m in Sources */ = {isa = PBXBuildFile; fileRef = 461BB8FB2486D47F007C9358 /* MainViewController.m */; };
		461BB9012486D482007C9358 /* Assets.xcassets in Resources */ = {isa = PBXBuildFile; fileRef = 461BB9002486D482007C9358 /* Assets.xcassets */; };
		461BB9072486D482007C9358 /* main.m in Sources */ = {isa = PBXBuildFile; fileRef = 461BB9062486D482007C9358 /* main.m */; };
		468355862488041D0067E4C4 /* CustomMovieCell.m in Sources */ = {isa = PBXBuildFile; fileRef = 468355852488041D0067E4C4 /* CustomMovieCell.m */; };
		468355892488204E0067E4C4 /* MoviesModel.m in Sources */ = {isa = PBXBuildFile; fileRef = 468355882488204E0067E4C4 /* MoviesModel.m */; };
/* End PBXBuildFile section */

/* Begin PBXFileReference section */
		461BB8F12486D47F007C9358 /* Movies_Project.app */ = {isa = PBXFileReference; explicitFileType = wrapper.application; includeInIndex = 0; path = Movies_Project.app; sourceTree = BUILT_PRODUCTS_DIR; };
		461BB8F42486D47F007C9358 /* AppDelegate.h */ = {isa = PBXFileReference; lastKnownFileType = sourcecode.c.h; path = AppDelegate.h; sourceTree = "<group>"; };
		461BB8F52486D47F007C9358 /* AppDelegate.m */ = {isa = PBXFileReference; lastKnownFileType = sourcecode.c.objc; path = AppDelegate.m; sourceTree = "<group>"; };
		461BB8F72486D47F007C9358 /* SceneDelegate.h */ = {isa = PBXFileReference; lastKnownFileType = sourcecode.c.h; path = SceneDelegate.h; sourceTree = "<group>"; };
		461BB8F82486D47F007C9358 /* SceneDelegate.m */ = {isa = PBXFileReference; lastKnownFileType = sourcecode.c.objc; path = SceneDelegate.m; sourceTree = "<group>"; };
		461BB8FA2486D47F007C9358 /* MainViewController.h */ = {isa = PBXFileReference; lastKnownFileType = sourcecode.c.h; path = MainViewController.h; sourceTree = "<group>"; };
		461BB8FB2486D47F007C9358 /* MainViewController.m */ = {isa = PBXFileReference; lastKnownFileType = sourcecode.c.objc; path = MainViewController.m; sourceTree = "<group>"; };
		461BB9002486D482007C9358 /* Assets.xcassets */ = {isa = PBXFileReference; lastKnownFileType = folder.assetcatalog; path = Assets.xcassets; sourceTree = "<group>"; };
		461BB9052486D482007C9358 /* Info.plist */ = {isa = PBXFileReference; lastKnownFileType = text.plist.xml; path = Info.plist; sourceTree = "<group>"; };
		461BB9062486D482007C9358 /* main.m */ = {isa = PBXFileReference; lastKnownFileType = sourcecode.c.objc; path = main.m; sourceTree = "<group>"; };
		468355842488041D0067E4C4 /* CustomMovieCell.h */ = {isa = PBXFileReference; lastKnownFileType = sourcecode.c.h; path = CustomMovieCell.h; sourceTree = "<group>"; };
		468355852488041D0067E4C4 /* CustomMovieCell.m */ = {isa = PBXFileReference; lastKnownFileType = sourcecode.c.objc; path = CustomMovieCell.m; sourceTree = "<group>"; };
		468355872488204E0067E4C4 /* MoviesModel.h */ = {isa = PBXFileReference; lastKnownFileType = sourcecode.c.h; path = MoviesModel.h; sourceTree = "<group>"; };
		468355882488204E0067E4C4 /* MoviesModel.m */ = {isa = PBXFileReference; lastKnownFileType = sourcecode.c.objc; path = MoviesModel.m; sourceTree = "<group>"; };
/* End PBXFileReference section */

/* Begin PBXFrameworksBuildPhase section */
		461BB8EE2486D47F007C9358 /* Frameworks */ = {
			isa = PBXFrameworksBuildPhase;
			buildActionMask = 2147483647;
			files = (
			);
			runOnlyForDeploymentPostprocessing = 0;
		};
/* End PBXFrameworksBuildPhase section */

/* Begin PBXGroup section */
		461BB8E82486D47F007C9358 = {
			isa = PBXGroup;
			children = (
				461BB8F32486D47F007C9358 /* Movies_Project */,
				461BB8F22486D47F007C9358 /* Products */,
			);
			sourceTree = "<group>";
		};
		461BB8F22486D47F007C9358 /* Products */ = {
			isa = PBXGroup;
			children = (
				461BB8F12486D47F007C9358 /* Movies_Project.app */,
			);
			name = Products;
			sourceTree = "<group>";
		};
		461BB8F32486D47F007C9358 /* Movies_Project */ = {
			isa = PBXGroup;
			children = (
				461BB8F42486D47F007C9358 /* AppDelegate.h */,
				461BB8F52486D47F007C9358 /* AppDelegate.m */,
				468355872488204E0067E4C4 /* MoviesModel.h */,
				468355882488204E0067E4C4 /* MoviesModel.m */,
				461BB8F72486D47F007C9358 /* SceneDelegate.h */,
				461BB8F82486D47F007C9358 /* SceneDelegate.m */,
				461BB8FA2486D47F007C9358 /* MainViewController.h */,
				461BB8FB2486D47F007C9358 /* MainViewController.m */,
				468355842488041D0067E4C4 /* CustomMovieCell.h */,
				468355852488041D0067E4C4 /* CustomMovieCell.m */,
				461BB9002486D482007C9358 /* Assets.xcassets */,
				461BB9052486D482007C9358 /* Info.plist */,
				461BB9062486D482007C9358 /* main.m */,
			);
			path = Movies_Project;
			sourceTree = "<group>";
		};
/* End PBXGroup section */

/* Begin PBXNativeTarget section */
		461BB8F02486D47F007C9358 /* Movies_Project */ = {
			isa = PBXNativeTarget;
			buildConfigurationList = 461BB90A2486D482007C9358 /* Build configuration list for PBXNativeTarget "Movies_Project" */;
			buildPhases = (
				461BB8ED2486D47F007C9358 /* Sources */,
				461BB8EE2486D47F007C9358 /* Frameworks */,
				461BB8EF2486D47F007C9358 /* Resources */,
			);
			buildRules = (
			);
			dependencies = (
			);
			name = Movies_Project;
			productName = Movies_Project;
			productReference = 461BB8F12486D47F007C9358 /* Movies_Project.app */;
			productType = "com.apple.product-type.application";
		};
/* End PBXNativeTarget section */

/* Begin PBXProject section */
		461BB8E92486D47F007C9358 /* Project object */ = {
			isa = PBXProject;
			attributes = {
				LastUpgradeCheck = 1140;
				ORGANIZATIONNAME = "Petar Ivic";
				TargetAttributes = {
					461BB8F02486D47F007C9358 = {
						CreatedOnToolsVersion = 11.4;
					};
				};
			};
			buildConfigurationList = 461BB8EC2486D47F007C9358 /* Build configuration list for PBXProject "Movies_Project" */;
			compatibilityVersion = "Xcode 9.3";
			developmentRegion = en;
			hasScannedForEncodings = 0;
			knownRegions = (
				en,
				Base,
			);
			mainGroup = 461BB8E82486D47F007C9358;
			productRefGroup = 461BB8F22486D47F007C9358 /* Products */;
			projectDirPath = "";
			projectRoot = "";
			targets = (
				461BB8F02486D47F007C9358 /* Movies_Project */,
			);
		};
/* End PBXProject section */

/* Begin PBXResourcesBuildPhase section */
		461BB8EF2486D47F007C9358 /* Resources */ = {
			isa = PBXResourcesBuildPhase;
			buildActionMask = 2147483647;
			files = (
				461BB9012486D482007C9358 /* Assets.xcassets in Resources */,
			);
			runOnlyForDeploymentPostprocessing = 0;
		};
/* End PBXResourcesBuildPhase section */

/* Begin PBXSourcesBuildPhase section */
		461BB8ED2486D47F007C9358 /* Sources */ = {
			isa = PBXSourcesBuildPhase;
			buildActionMask = 2147483647;
			files = (
				468355892488204E0067E4C4 /* MoviesModel.m in Sources */,
				461BB8FC2486D47F007C9358 /* MainViewController.m in Sources */,
				461BB8F62486D47F007C9358 /* AppDelegate.m in Sources */,
				461BB9072486D482007C9358 /* main.m in Sources */,
				461BB8F92486D47F007C9358 /* SceneDelegate.m in Sources */,
				468355862488041D0067E4C4 /* CustomMovieCell.m in Sources */,
			);
			runOnlyForDeploymentPostprocessing = 0;
		};
/* End PBXSourcesBuildPhase section */

/* Begin XCBuildConfiguration section */
		461BB9082486D482007C9358 /* Debug */ = {
			isa = XCBuildConfiguration;
			buildSettings = {
				ALWAYS_SEARCH_USER_PATHS = NO;
				CLANG_ANALYZER_NONNULL = YES;
				CLANG_ANALYZER_NUMBER_OBJECT_CONVERSION = YES_AGGRESSIVE;
				CLANG_CXX_LANGUAGE_STANDARD = "gnu++14";
				CLANG_CXX_LIBRARY = "libc++";
				CLANG_ENABLE_MODULES = YES;
				CLANG_ENABLE_OBJC_ARC = YES;
				CLANG_ENABLE_OBJC_WEAK = YES;
				CLANG_WARN_BLOCK_CAPTURE_AUTORELEASING = YES;
				CLANG_WARN_BOOL_CONVERSION = YES;
				CLANG_WARN_COMMA = YES;
				CLANG_WARN_CONSTANT_CONVERSION = YES;
				CLANG_WARN_DEPRECATED_OBJC_IMPLEMENTATIONS = YES;
				CLANG_WARN_DIRECT_OBJC_ISA_USAGE = YES_ERROR;
				CLANG_WARN_DOCUMENTATION_COMMENTS = YES;
				CLANG_WARN_EMPTY_BODY = YES;
				CLANG_WARN_ENUM_CONVERSION = YES;
				CLANG_WARN_INFINITE_RECURSION = YES;
				CLANG_WARN_INT_CONVERSION = YES;
				CLANG_WARN_NON_LITERAL_NULL_CONVERSION = YES;
				CLANG_WARN_OBJC_IMPLICIT_RETAIN_SELF = YES;
				CLANG_WARN_OBJC_LITERAL_CONVERSION = YES;
				CLANG_WARN_OBJC_ROOT_CLASS = YES_ERROR;
				CLANG_WARN_RANGE_LOOP_ANALYSIS = YES;
				CLANG_WARN_STRICT_PROTOTYPES = YES;
				CLANG_WARN_SUSPICIOUS_MOVE = YES;
				CLANG_WARN_UNGUARDED_AVAILABILITY = YES_AGGRESSIVE;
				CLANG_WARN_UNREACHABLE_CODE = YES;
				CLANG_WARN__DUPLICATE_METHOD_MATCH = YES;
				COPY_PHASE_STRIP = NO;
				DEBUG_INFORMATION_FORMAT = dwarf;
				ENABLE_STRICT_OBJC_MSGSEND = YES;
				ENABLE_TESTABILITY = YES;
				GCC_C_LANGUAGE_STANDARD = gnu11;
				GCC_DYNAMIC_NO_PIC = NO;
				GCC_NO_COMMON_BLOCKS = YES;
				GCC_OPTIMIZATION_LEVEL = 0;
				GCC_PREPROCESSOR_DEFINITIONS = (
					"DEBUG=1",
					"$(inherited)",
				);
				GCC_WARN_64_TO_32_BIT_CONVERSION = YES;
				GCC_WARN_ABOUT_RETURN_TYPE = YES_ERROR;
				GCC_WARN_UNDECLARED_SELECTOR = YES;
				GCC_WARN_UNINITIALIZED_AUTOS = YES_AGGRESSIVE;
				GCC_WARN_UNUSED_FUNCTION = YES;
				GCC_WARN_UNUSED_VARIABLE = YES;
				IPHONEOS_DEPLOYMENT_TARGET = 13.4;
				MTL_ENABLE_DEBUG_INFO = INCLUDE_SOURCE;
				MTL_FAST_MATH = YES;
				ONLY_ACTIVE_ARCH = YES;
				SDKROOT = iphoneos;
			};
			name = Debug;
		};
		461BB9092486D482007C9358 /* Release */ = {
			isa = XCBuildConfiguration;
			buildSettings = {
				ALWAYS_SEARCH_USER_PATHS = NO;
				CLANG_ANALYZER_NONNULL = YES;
				CLANG_ANALYZER_NUMBER_OBJECT_CONVERSION = YES_AGGRESSIVE;
				CLANG_CXX_LANGUAGE_STANDARD = "gnu++14";
				CLANG_CXX_LIBRARY = "libc++";
				CLANG_ENABLE_MODULES = YES;
				CLANG_ENABLE_OBJC_ARC = YES;
				CLANG_ENABLE_OBJC_WEAK = YES;
				CLANG_WARN_BLOCK_CAPTURE_AUTORELEASING = YES;
				CLANG_WARN_BOOL_CONVERSION = YES;
				CLANG_WARN_COMMA = YES;
				CLANG_WARN_CONSTANT_CONVERSION = YES;
				CLANG_WARN_DEPRECATED_OBJC_IMPLEMENTATIONS = YES;
				CLANG_WARN_DIRECT_OBJC_ISA_USAGE = YES_ERROR;
				CLANG_WARN_DOCUMENTATION_COMMENTS = YES;
				CLANG_WARN_EMPTY_BODY = YES;
				CLANG_WARN_ENUM_CONVERSION = YES;
				CLANG_WARN_INFINITE_RECURSION = YES;
				CLANG_WARN_INT_CONVERSION = YES;
				CLANG_WARN_NON_LITERAL_NULL_CONVERSION = YES;
				CLANG_WARN_OBJC_IMPLICIT_RETAIN_SELF = YES;
				CLANG_WARN_OBJC_LITERAL_CONVERSION = YES;
				CLANG_WARN_OBJC_ROOT_CLASS = YES_ERROR;
				CLANG_WARN_RANGE_LOOP_ANALYSIS = YES;
				CLANG_WARN_STRICT_PROTOTYPES = YES;
				CLANG_WARN_SUSPICIOUS_MOVE = YES;
				CLANG_WARN_UNGUARDED_AVAILABILITY = YES_AGGRESSIVE;
				CLANG_WARN_UNREACHABLE_CODE = YES;
				CLANG_WARN__DUPLICATE_METHOD_MATCH = YES;
				COPY_PHASE_STRIP = NO;
				DEBUG_INFORMATION_FORMAT = "dwarf-with-dsym";
				ENABLE_NS_ASSERTIONS = NO;
				ENABLE_STRICT_OBJC_MSGSEND = YES;
				GCC_C_LANGUAGE_STANDARD = gnu11;
				GCC_NO_COMMON_BLOCKS = YES;
				GCC_WARN_64_TO_32_BIT_CONVERSION = YES;
				GCC_WARN_ABOUT_RETURN_TYPE = YES_ERROR;
				GCC_WARN_UNDECLARED_SELECTOR = YES;
				GCC_WARN_UNINITIALIZED_AUTOS = YES_AGGRESSIVE;
				GCC_WARN_UNUSED_FUNCTION = YES;
				GCC_WARN_UNUSED_VARIABLE = YES;
				IPHONEOS_DEPLOYMENT_TARGET = 13.4;
				MTL_ENABLE_DEBUG_INFO = NO;
				MTL_FAST_MATH = YES;
				SDKROOT = iphoneos;
				VALIDATE_PRODUCT = YES;
			};
			name = Release;
		};
		461BB90B2486D482007C9358 /* Debug */ = {
			isa = XCBuildConfiguration;
			buildSettings = {
				ASSETCATALOG_COMPILER_APPICON_NAME = AppIcon;
				CODE_SIGN_STYLE = Automatic;
				DEVELOPMENT_TEAM = L3U6B8VC6S;
				INFOPLIST_FILE = Movies_Project/Info.plist;
				LD_RUNPATH_SEARCH_PATHS = (
					"$(inherited)",
					"@executable_path/Frameworks",
				);
				PRODUCT_BUNDLE_IDENTIFIER = "ivic.development7.Movies-Project";
				PRODUCT_NAME = "$(TARGET_NAME)";
				TARGETED_DEVICE_FAMILY = "1,2";
			};
			name = Debug;
		};
		461BB90C2486D482007C9358 /* Release */ = {
			isa = XCBuildConfiguration;
			buildSettings = {
				ASSETCATALOG_COMPILER_APPICON_NAME = AppIcon;
				CODE_SIGN_STYLE = Automatic;
				DEVELOPMENT_TEAM = L3U6B8VC6S;
				INFOPLIST_FILE = Movies_Project/Info.plist;
				LD_RUNPATH_SEARCH_PATHS = (
					"$(inherited)",
					"@executable_path/Frameworks",
				);
				PRODUCT_BUNDLE_IDENTIFIER = "ivic.development7.Movies-Project";
				PRODUCT_NAME = "$(TARGET_NAME)";
				TARGETED_DEVICE_FAMILY = "1,2";
			};
			name = Release;
		};
/* End XCBuildConfiguration section */

/* Begin XCConfigurationList section */
		461BB8EC2486D47F007C9358 /* Build configuration list for PBXProject "Movies_Project" */ = {
			isa = XCConfigurationList;
			buildConfigurations = (
				461BB9082486D482007C9358 /* Debug */,
				461BB9092486D482007C9358 /* Release */,
			);
			defaultConfigurationIsVisible = 0;
			defaultConfigurationName = Release;
		};
		461BB90A2486D482007C9358 /* Build configuration list for PBXNativeTarget "Movies_Project" */ = {
			isa = XCConfigurationList;
			buildConfigurations = (
				461BB90B2486D482007C9358 /* Debug */,
				461BB90C2486D482007C9358 /* Release */,
			);
			defaultConfigurationIsVisible = 0;
			defaultConfigurationName = Release;
		};
/* End XCConfigurationList section */
	};
	rootObject = 461BB8E92486D47F007C9358 /* Project object */;
}
